
Microsoft Visual Studio Solution File, Format Version 12.00
# Visual Studio Version 17
VisualStudioVersion = 17.8.34511.84
MinimumVisualStudioVersion = 10.0.40219.1
Project("{FAE04EC0-301F-11D3-BF4B-00C04F79EFBC}") = "IntroducationForSignalR", "IntroducationForSignalR\IntroducationForSignalR.csproj", "{49EF9F00-8903-4BDF-9DB5-196B1070CC89}"
EndProject
Global
	GlobalSection(SolutionConfigurationPlatforms) = preSolution
		Debug|Any CPU = Debug|Any CPU
		Release|Any CPU = Release|Any CPU
	EndGlobalSection
	GlobalSection(ProjectConfigurationPlatforms) = postSolution
		{49EF9F00-8903-4BDF-9DB5-196B1070CC89}.Debug|Any CPU.ActiveCfg = Debug|Any CPU
		{49EF9F00-8903-4BDF-9DB5-196B1070CC89}.Debug|Any CPU.Build.0 = Debug|Any CPU
		{49EF9F00-8903-4BDF-9DB5-196B1070CC89}.Release|Any CPU.ActiveCfg = Release|Any CPU
		{49EF9F00-8903-4BDF-9DB5-196B1070CC89}.Release|Any CPU.Build.0 = Release|Any CPU
	EndGlobalSection
	GlobalSection(SolutionProperties) = preSolution
		HideSolutionNode = FALSE
	EndGlobalSection
	GlobalSection(ExtensibilityGlobals) = postSolution
		SolutionGuid = {0522A8AD-A306-486F-8F33-ECC2094A3A6C}
	EndGlobalSection
EndGlobal
